
Microsoft Visual Studio Solution File, Format Version 12.00
# Visual Studio Version 17
VisualStudioVersion = 17.11.35219.272
MinimumVisualStudioVersion = 10.0.40219.1
Project("{FAE04EC0-301F-11D3-BF4B-00C04F79EFBC}") = "LABORATORNAI 5 PART 1", "LABORATORNAI 5 PART 1\LABORATORNAI 5 PART 1.csproj", "{C0403239-03C4-4DFB-9076-3F9C49B3717B}"
EndProject
Global
	GlobalSection(SolutionConfigurationPlatforms) = preSolution
		Debug|Any CPU = Debug|Any CPU
		Release|Any CPU = Release|Any CPU
	EndGlobalSection
	GlobalSection(ProjectConfigurationPlatforms) = postSolution
		{C0403239-03C4-4DFB-9076-3F9C49B3717B}.Debug|Any CPU.ActiveCfg = Debug|Any CPU
		{C0403239-03C4-4DFB-9076-3F9C49B3717B}.Debug|Any CPU.Build.0 = Debug|Any CPU
		{C0403239-03C4-4DFB-9076-3F9C49B3717B}.Release|Any CPU.ActiveCfg = Release|Any CPU
		{C0403239-03C4-4DFB-9076-3F9C49B3717B}.Release|Any CPU.Build.0 = Release|Any CPU
	EndGlobalSection
	GlobalSection(SolutionProperties) = preSolution
		HideSolutionNode = FALSE
	EndGlobalSection
	GlobalSection(ExtensibilityGlobals) = postSolution
		SolutionGuid = {2EA7B1A6-FE4B-480D-AA99-1040EAE57C54}
	EndGlobalSection
EndGlobal
